// !$*UTF8*$!
{
	archiveVersion = 1;
	classes = {
	};
	objectVersion = 55;
	objects = {

/* Begin PBXBuildFile section */
		9EC417BE294BBA1600BDCB20 /* AppDelegate.swift in Sources */ = {isa = PBXBuildFile; fileRef = 9EC417BD294BBA1600BDCB20 /* AppDelegate.swift */; };
		9EC417C0294BBA1600BDCB20 /* SceneDelegate.swift in Sources */ = {isa = PBXBuildFile; fileRef = 9EC417BF294BBA1600BDCB20 /* SceneDelegate.swift */; };
		9EC417C5294BBA1600BDCB20 /* Main.storyboard in Resources */ = {isa = PBXBuildFile; fileRef = 9EC417C3294BBA1600BDCB20 /* Main.storyboard */; };
		9EC417C7294BBA1800BDCB20 /* Assets.xcassets in Resources */ = {isa = PBXBuildFile; fileRef = 9EC417C6294BBA1800BDCB20 /* Assets.xcassets */; };
		9EC417CA294BBA1800BDCB20 /* LaunchScreen.storyboard in Resources */ = {isa = PBXBuildFile; fileRef = 9EC417C8294BBA1800BDCB20 /* LaunchScreen.storyboard */; };
		9EC417D8294BC13400BDCB20 /* HomePageView.swift in Sources */ = {isa = PBXBuildFile; fileRef = 9EC417D7294BC13400BDCB20 /* HomePageView.swift */; };
		9EC417DA294BC14200BDCB20 /* HomePageInteractor.swift in Sources */ = {isa = PBXBuildFile; fileRef = 9EC417D9294BC14200BDCB20 /* HomePageInteractor.swift */; };
		9EC417DD294BC15800BDCB20 /* HomePagePresenter.swift in Sources */ = {isa = PBXBuildFile; fileRef = 9EC417DC294BC15800BDCB20 /* HomePagePresenter.swift */; };
		9EC417DF294BC16400BDCB20 /* HomePageEntity.swift in Sources */ = {isa = PBXBuildFile; fileRef = 9EC417DE294BC16400BDCB20 /* HomePageEntity.swift */; };
		9EC417E1294BC16F00BDCB20 /* HomePageRouter.swift in Sources */ = {isa = PBXBuildFile; fileRef = 9EC417E0294BC16F00BDCB20 /* HomePageRouter.swift */; };
		9EC417E3294BC18E00BDCB20 /* HomePageBuilder.swift in Sources */ = {isa = PBXBuildFile; fileRef = 9EC417E2294BC18E00BDCB20 /* HomePageBuilder.swift */; };
		9EC417EC294BC46900BDCB20 /* ProductListingItemCollectionViewCell.swift in Sources */ = {isa = PBXBuildFile; fileRef = 9EC417EA294BC46900BDCB20 /* ProductListingItemCollectionViewCell.swift */; };
		9EC417ED294BC46900BDCB20 /* ProductListingItemCollectionViewCell.xib in Resources */ = {isa = PBXBuildFile; fileRef = 9EC417EB294BC46900BDCB20 /* ProductListingItemCollectionViewCell.xib */; };
		9EC417EF294BDBFE00BDCB20 /* HomeContracts.swift in Sources */ = {isa = PBXBuildFile; fileRef = 9EC417EE294BDBFE00BDCB20 /* HomeContracts.swift */; };
		9EC417F2294BECC800BDCB20 /* Alamofire in Frameworks */ = {isa = PBXBuildFile; productRef = 9EC417F1294BECC800BDCB20 /* Alamofire */; };
		9EC417F5294BECF300BDCB20 /* Lottie in Frameworks */ = {isa = PBXBuildFile; productRef = 9EC417F4294BECF300BDCB20 /* Lottie */; };
/* End PBXBuildFile section */

/* Begin PBXFileReference section */
		9EC417BA294BBA1600BDCB20 /* ViperProductListing.app */ = {isa = PBXFileReference; explicitFileType = wrapper.application; includeInIndex = 0; path = ViperProductListing.app; sourceTree = BUILT_PRODUCTS_DIR; };
		9EC417BD294BBA1600BDCB20 /* AppDelegate.swift */ = {isa = PBXFileReference; lastKnownFileType = sourcecode.swift; path = AppDelegate.swift; sourceTree = "<group>"; };
		9EC417BF294BBA1600BDCB20 /* SceneDelegate.swift */ = {isa = PBXFileReference; lastKnownFileType = sourcecode.swift; path = SceneDelegate.swift; sourceTree = "<group>"; };
		9EC417C4294BBA1600BDCB20 /* Base */ = {isa = PBXFileReference; lastKnownFileType = file.storyboard; name = Base; path = Base.lproj/Main.storyboard; sourceTree = "<group>"; };
		9EC417C6294BBA1800BDCB20 /* Assets.xcassets */ = {isa = PBXFileReference; lastKnownFileType = folder.assetcatalog; path = Assets.xcassets; sourceTree = "<group>"; };
		9EC417C9294BBA1800BDCB20 /* Base */ = {isa = PBXFileReference; lastKnownFileType = file.storyboard; name = Base; path = Base.lproj/LaunchScreen.storyboard; sourceTree = "<group>"; };
		9EC417CB294BBA1800BDCB20 /* Info.plist */ = {isa = PBXFileReference; lastKnownFileType = text.plist.xml; path = Info.plist; sourceTree = "<group>"; };
		9EC417D7294BC13400BDCB20 /* HomePageView.swift */ = {isa = PBXFileReference; lastKnownFileType = sourcecode.swift; path = HomePageView.swift; sourceTree = "<group>"; };
		9EC417D9294BC14200BDCB20 /* HomePageInteractor.swift */ = {isa = PBXFileReference; lastKnownFileType = sourcecode.swift; path = HomePageInteractor.swift; sourceTree = "<group>"; };
		9EC417DC294BC15800BDCB20 /* HomePagePresenter.swift */ = {isa = PBXFileReference; lastKnownFileType = sourcecode.swift; path = HomePagePresenter.swift; sourceTree = "<group>"; };
		9EC417DE294BC16400BDCB20 /* HomePageEntity.swift */ = {isa = PBXFileReference; lastKnownFileType = sourcecode.swift; path = HomePageEntity.swift; sourceTree = "<group>"; };
		9EC417E0294BC16F00BDCB20 /* HomePageRouter.swift */ = {isa = PBXFileReference; lastKnownFileType = sourcecode.swift; path = HomePageRouter.swift; sourceTree = "<group>"; };
		9EC417E2294BC18E00BDCB20 /* HomePageBuilder.swift */ = {isa = PBXFileReference; lastKnownFileType = sourcecode.swift; path = HomePageBuilder.swift; sourceTree = "<group>"; };
		9EC417EA294BC46900BDCB20 /* ProductListingItemCollectionViewCell.swift */ = {isa = PBXFileReference; lastKnownFileType = sourcecode.swift; path = ProductListingItemCollectionViewCell.swift; sourceTree = "<group>"; };
		9EC417EB294BC46900BDCB20 /* ProductListingItemCollectionViewCell.xib */ = {isa = PBXFileReference; lastKnownFileType = file.xib; path = ProductListingItemCollectionViewCell.xib; sourceTree = "<group>"; };
		9EC417EE294BDBFE00BDCB20 /* HomeContracts.swift */ = {isa = PBXFileReference; lastKnownFileType = sourcecode.swift; path = HomeContracts.swift; sourceTree = "<group>"; };
/* End PBXFileReference section */

/* Begin PBXFrameworksBuildPhase section */
		9EC417B7294BBA1600BDCB20 /* Frameworks */ = {
			isa = PBXFrameworksBuildPhase;
			buildActionMask = 2147483647;
			files = (
				9EC417F2294BECC800BDCB20 /* Alamofire in Frameworks */,
				9EC417F5294BECF300BDCB20 /* Lottie in Frameworks */,
			);
			runOnlyForDeploymentPostprocessing = 0;
		};
/* End PBXFrameworksBuildPhase section */

/* Begin PBXGroup section */
		9EC417B1294BBA1600BDCB20 = {
			isa = PBXGroup;
			children = (
				9EC417BC294BBA1600BDCB20 /* ViperProductListing */,
				9EC417BB294BBA1600BDCB20 /* Products */,
			);
			sourceTree = "<group>";
		};
		9EC417BB294BBA1600BDCB20 /* Products */ = {
			isa = PBXGroup;
			children = (
				9EC417BA294BBA1600BDCB20 /* ViperProductListing.app */,
			);
			name = Products;
			sourceTree = "<group>";
		};
		9EC417BC294BBA1600BDCB20 /* ViperProductListing */ = {
			isa = PBXGroup;
			children = (
				9EC417D4294BC10200BDCB20 /* Helper */,
				9EC417D1294BBA2B00BDCB20 /* HomePageModule */,
				9EC417D2294BC0CA00BDCB20 /* ProductDetailModule */,
				9EC417D3294BC0DC00BDCB20 /* CartModule */,
				9EC417BF294BBA1600BDCB20 /* SceneDelegate.swift */,
				9EC417BD294BBA1600BDCB20 /* AppDelegate.swift */,
				9EC417C3294BBA1600BDCB20 /* Main.storyboard */,
				9EC417C6294BBA1800BDCB20 /* Assets.xcassets */,
				9EC417C8294BBA1800BDCB20 /* LaunchScreen.storyboard */,
				9EC417CB294BBA1800BDCB20 /* Info.plist */,
			);
			path = ViperProductListing;
			sourceTree = "<group>";
		};
		9EC417D1294BBA2B00BDCB20 /* HomePageModule */ = {
			isa = PBXGroup;
			children = (
				9EC417D6294BC12500BDCB20 /* Viper */,
				9EC417D5294BC11E00BDCB20 /* Cells */,
			);
			path = HomePageModule;
			sourceTree = "<group>";
		};
		9EC417D2294BC0CA00BDCB20 /* ProductDetailModule */ = {
			isa = PBXGroup;
			children = (
			);
			path = ProductDetailModule;
			sourceTree = "<group>";
		};
		9EC417D3294BC0DC00BDCB20 /* CartModule */ = {
			isa = PBXGroup;
			children = (
			);
			path = CartModule;
			sourceTree = "<group>";
		};
		9EC417D4294BC10200BDCB20 /* Helper */ = {
			isa = PBXGroup;
			children = (
			);
			path = Helper;
			sourceTree = "<group>";
		};
		9EC417D5294BC11E00BDCB20 /* Cells */ = {
			isa = PBXGroup;
			children = (
				9EC417E5294BC3EC00BDCB20 /* ProductListingItem */,
			);
			path = Cells;
			sourceTree = "<group>";
		};
		9EC417D6294BC12500BDCB20 /* Viper */ = {
			isa = PBXGroup;
			children = (
				9EC417D7294BC13400BDCB20 /* HomePageView.swift */,
				9EC417D9294BC14200BDCB20 /* HomePageInteractor.swift */,
				9EC417DC294BC15800BDCB20 /* HomePagePresenter.swift */,
				9EC417DE294BC16400BDCB20 /* HomePageEntity.swift */,
				9EC417E0294BC16F00BDCB20 /* HomePageRouter.swift */,
				9EC417E2294BC18E00BDCB20 /* HomePageBuilder.swift */,
				9EC417EE294BDBFE00BDCB20 /* HomeContracts.swift */,
			);
			path = Viper;
			sourceTree = "<group>";
		};
		9EC417E5294BC3EC00BDCB20 /* ProductListingItem */ = {
			isa = PBXGroup;
			children = (
				9EC417EA294BC46900BDCB20 /* ProductListingItemCollectionViewCell.swift */,
				9EC417EB294BC46900BDCB20 /* ProductListingItemCollectionViewCell.xib */,
			);
			path = ProductListingItem;
			sourceTree = "<group>";
		};
/* End PBXGroup section */

/* Begin PBXNativeTarget section */
		9EC417B9294BBA1600BDCB20 /* ViperProductListing */ = {
			isa = PBXNativeTarget;
			buildConfigurationList = 9EC417CE294BBA1800BDCB20 /* Build configuration list for PBXNativeTarget "ViperProductListing" */;
			buildPhases = (
				9EC417B6294BBA1600BDCB20 /* Sources */,
				9EC417B7294BBA1600BDCB20 /* Frameworks */,
				9EC417B8294BBA1600BDCB20 /* Resources */,
			);
			buildRules = (
			);
			dependencies = (
			);
			name = ViperProductListing;
			packageProductDependencies = (
				9EC417F1294BECC800BDCB20 /* Alamofire */,
				9EC417F4294BECF300BDCB20 /* Lottie */,
			);
			productName = ViperProductListing;
			productReference = 9EC417BA294BBA1600BDCB20 /* ViperProductListing.app */;
			productType = "com.apple.product-type.application";
		};
/* End PBXNativeTarget section */

/* Begin PBXProject section */
		9EC417B2294BBA1600BDCB20 /* Project object */ = {
			isa = PBXProject;
			attributes = {
				BuildIndependentTargetsInParallel = 1;
				LastSwiftUpdateCheck = 1330;
				LastUpgradeCheck = 1330;
				TargetAttributes = {
					9EC417B9294BBA1600BDCB20 = {
						CreatedOnToolsVersion = 13.3.1;
					};
				};
			};
			buildConfigurationList = 9EC417B5294BBA1600BDCB20 /* Build configuration list for PBXProject "ViperProductListing" */;
			compatibilityVersion = "Xcode 13.0";
			developmentRegion = en;
			hasScannedForEncodings = 0;
			knownRegions = (
				en,
				Base,
			);
			mainGroup = 9EC417B1294BBA1600BDCB20;
			packageReferences = (
				9EC417F0294BECC800BDCB20 /* XCRemoteSwiftPackageReference "Alamofire" */,
				9EC417F3294BECF300BDCB20 /* XCRemoteSwiftPackageReference "lottie-ios" */,
			);
			productRefGroup = 9EC417BB294BBA1600BDCB20 /* Products */;
			projectDirPath = "";
			projectRoot = "";
			targets = (
				9EC417B9294BBA1600BDCB20 /* ViperProductListing */,
			);
		};
/* End PBXProject section */

/* Begin PBXResourcesBuildPhase section */
		9EC417B8294BBA1600BDCB20 /* Resources */ = {
			isa = PBXResourcesBuildPhase;
			buildActionMask = 2147483647;
			files = (
				9EC417CA294BBA1800BDCB20 /* LaunchScreen.storyboard in Resources */,
				9EC417C7294BBA1800BDCB20 /* Assets.xcassets in Resources */,
				9EC417ED294BC46900BDCB20 /* ProductListingItemCollectionViewCell.xib in Resources */,
				9EC417C5294BBA1600BDCB20 /* Main.storyboard in Resources */,
			);
			runOnlyForDeploymentPostprocessing = 0;
		};
/* End PBXResourcesBuildPhase section */

/* Begin PBXSourcesBuildPhase section */
		9EC417B6294BBA1600BDCB20 /* Sources */ = {
			isa = PBXSourcesBuildPhase;
			buildActionMask = 2147483647;
			files = (
				9EC417EF294BDBFE00BDCB20 /* HomeContracts.swift in Sources */,
				9EC417DA294BC14200BDCB20 /* HomePageInteractor.swift in Sources */,
				9EC417EC294BC46900BDCB20 /* ProductListingItemCollectionViewCell.swift in Sources */,
				9EC417E1294BC16F00BDCB20 /* HomePageRouter.swift in Sources */,
				9EC417BE294BBA1600BDCB20 /* AppDelegate.swift in Sources */,
				9EC417DF294BC16400BDCB20 /* HomePageEntity.swift in Sources */,
				9EC417D8294BC13400BDCB20 /* HomePageView.swift in Sources */,
				9EC417E3294BC18E00BDCB20 /* HomePageBuilder.swift in Sources */,
				9EC417DD294BC15800BDCB20 /* HomePagePresenter.swift in Sources */,
				9EC417C0294BBA1600BDCB20 /* SceneDelegate.swift in Sources */,
			);
			runOnlyForDeploymentPostprocessing = 0;
		};
/* End PBXSourcesBuildPhase section */

/* Begin PBXVariantGroup section */
		9EC417C3294BBA1600BDCB20 /* Main.storyboard */ = {
			isa = PBXVariantGroup;
			children = (
				9EC417C4294BBA1600BDCB20 /* Base */,
			);
			name = Main.storyboard;
			sourceTree = "<group>";
		};
		9EC417C8294BBA1800BDCB20 /* LaunchScreen.storyboard */ = {
			isa = PBXVariantGroup;
			children = (
				9EC417C9294BBA1800BDCB20 /* Base */,
			);
			name = LaunchScreen.storyboard;
			sourceTree = "<group>";
		};
/* End PBXVariantGroup section */

/* Begin XCBuildConfiguration section */
		9EC417CC294BBA1800BDCB20 /* Debug */ = {
			isa = XCBuildConfiguration;
			buildSettings = {
				ALWAYS_SEARCH_USER_PATHS = NO;
				CLANG_ANALYZER_NONNULL = YES;
				CLANG_ANALYZER_NUMBER_OBJECT_CONVERSION = YES_AGGRESSIVE;
				CLANG_CXX_LANGUAGE_STANDARD = "gnu++17";
				CLANG_ENABLE_MODULES = YES;
				CLANG_ENABLE_OBJC_ARC = YES;
				CLANG_ENABLE_OBJC_WEAK = YES;
				CLANG_WARN_BLOCK_CAPTURE_AUTORELEASING = YES;
				CLANG_WARN_BOOL_CONVERSION = YES;
				CLANG_WARN_COMMA = YES;
				CLANG_WARN_CONSTANT_CONVERSION = YES;
				CLANG_WARN_DEPRECATED_OBJC_IMPLEMENTATIONS = YES;
				CLANG_WARN_DIRECT_OBJC_ISA_USAGE = YES_ERROR;
				CLANG_WARN_DOCUMENTATION_COMMENTS = YES;
				CLANG_WARN_EMPTY_BODY = YES;
				CLANG_WARN_ENUM_CONVERSION = YES;
				CLANG_WARN_INFINITE_RECURSION = YES;
				CLANG_WARN_INT_CONVERSION = YES;
				CLANG_WARN_NON_LITERAL_NULL_CONVERSION = YES;
				CLANG_WARN_OBJC_IMPLICIT_RETAIN_SELF = YES;
				CLANG_WARN_OBJC_LITERAL_CONVERSION = YES;
				CLANG_WARN_OBJC_ROOT_CLASS = YES_ERROR;
				CLANG_WARN_QUOTED_INCLUDE_IN_FRAMEWORK_HEADER = YES;
				CLANG_WARN_RANGE_LOOP_ANALYSIS = YES;
				CLANG_WARN_STRICT_PROTOTYPES = YES;
				CLANG_WARN_SUSPICIOUS_MOVE = YES;
				CLANG_WARN_UNGUARDED_AVAILABILITY = YES_AGGRESSIVE;
				CLANG_WARN_UNREACHABLE_CODE = YES;
				CLANG_WARN__DUPLICATE_METHOD_MATCH = YES;
				COPY_PHASE_STRIP = NO;
				DEBUG_INFORMATION_FORMAT = dwarf;
				ENABLE_STRICT_OBJC_MSGSEND = YES;
				ENABLE_TESTABILITY = YES;
				GCC_C_LANGUAGE_STANDARD = gnu11;
				GCC_DYNAMIC_NO_PIC = NO;
				GCC_NO_COMMON_BLOCKS = YES;
				GCC_OPTIMIZATION_LEVEL = 0;
				GCC_PREPROCESSOR_DEFINITIONS = (
					"DEBUG=1",
					"$(inherited)",
				);
				GCC_WARN_64_TO_32_BIT_CONVERSION = YES;
				GCC_WARN_ABOUT_RETURN_TYPE = YES_ERROR;
				GCC_WARN_UNDECLARED_SELECTOR = YES;
				GCC_WARN_UNINITIALIZED_AUTOS = YES_AGGRESSIVE;
				GCC_WARN_UNUSED_FUNCTION = YES;
				GCC_WARN_UNUSED_VARIABLE = YES;
				IPHONEOS_DEPLOYMENT_TARGET = 15.4;
				MTL_ENABLE_DEBUG_INFO = INCLUDE_SOURCE;
				MTL_FAST_MATH = YES;
				ONLY_ACTIVE_ARCH = YES;
				SDKROOT = iphoneos;
				SWIFT_ACTIVE_COMPILATION_CONDITIONS = DEBUG;
				SWIFT_OPTIMIZATION_LEVEL = "-Onone";
			};
			name = Debug;
		};
		9EC417CD294BBA1800BDCB20 /* Release */ = {
			isa = XCBuildConfiguration;
			buildSettings = {
				ALWAYS_SEARCH_USER_PATHS = NO;
				CLANG_ANALYZER_NONNULL = YES;
				CLANG_ANALYZER_NUMBER_OBJECT_CONVERSION = YES_AGGRESSIVE;
				CLANG_CXX_LANGUAGE_STANDARD = "gnu++17";
				CLANG_ENABLE_MODULES = YES;
				CLANG_ENABLE_OBJC_ARC = YES;
				CLANG_ENABLE_OBJC_WEAK = YES;
				CLANG_WARN_BLOCK_CAPTURE_AUTORELEASING = YES;
				CLANG_WARN_BOOL_CONVERSION = YES;
				CLANG_WARN_COMMA = YES;
				CLANG_WARN_CONSTANT_CONVERSION = YES;
				CLANG_WARN_DEPRECATED_OBJC_IMPLEMENTATIONS = YES;
				CLANG_WARN_DIRECT_OBJC_ISA_USAGE = YES_ERROR;
				CLANG_WARN_DOCUMENTATION_COMMENTS = YES;
				CLANG_WARN_EMPTY_BODY = YES;
				CLANG_WARN_ENUM_CONVERSION = YES;
				CLANG_WARN_INFINITE_RECURSION = YES;
				CLANG_WARN_INT_CONVERSION = YES;
				CLANG_WARN_NON_LITERAL_NULL_CONVERSION = YES;
				CLANG_WARN_OBJC_IMPLICIT_RETAIN_SELF = YES;
				CLANG_WARN_OBJC_LITERAL_CONVERSION = YES;
				CLANG_WARN_OBJC_ROOT_CLASS = YES_ERROR;
				CLANG_WARN_QUOTED_INCLUDE_IN_FRAMEWORK_HEADER = YES;
				CLANG_WARN_RANGE_LOOP_ANALYSIS = YES;
				CLANG_WARN_STRICT_PROTOTYPES = YES;
				CLANG_WARN_SUSPICIOUS_MOVE = YES;
				CLANG_WARN_UNGUARDED_AVAILABILITY = YES_AGGRESSIVE;
				CLANG_WARN_UNREACHABLE_CODE = YES;
				CLANG_WARN__DUPLICATE_METHOD_MATCH = YES;
				COPY_PHASE_STRIP = NO;
				DEBUG_INFORMATION_FORMAT = "dwarf-with-dsym";
				ENABLE_NS_ASSERTIONS = NO;
				ENABLE_STRICT_OBJC_MSGSEND = YES;
				GCC_C_LANGUAGE_STANDARD = gnu11;
				GCC_NO_COMMON_BLOCKS = YES;
				GCC_WARN_64_TO_32_BIT_CONVERSION = YES;
				GCC_WARN_ABOUT_RETURN_TYPE = YES_ERROR;
				GCC_WARN_UNDECLARED_SELECTOR = YES;
				GCC_WARN_UNINITIALIZED_AUTOS = YES_AGGRESSIVE;
				GCC_WARN_UNUSED_FUNCTION = YES;
				GCC_WARN_UNUSED_VARIABLE = YES;
				IPHONEOS_DEPLOYMENT_TARGET = 15.4;
				MTL_ENABLE_DEBUG_INFO = NO;
				MTL_FAST_MATH = YES;
				SDKROOT = iphoneos;
				SWIFT_COMPILATION_MODE = wholemodule;
				SWIFT_OPTIMIZATION_LEVEL = "-O";
				VALIDATE_PRODUCT = YES;
			};
			name = Release;
		};
		9EC417CF294BBA1800BDCB20 /* Debug */ = {
			isa = XCBuildConfiguration;
			buildSettings = {
				ASSETCATALOG_COMPILER_APPICON_NAME = AppIcon;
				ASSETCATALOG_COMPILER_GLOBAL_ACCENT_COLOR_NAME = AccentColor;
				CODE_SIGN_STYLE = Automatic;
				CURRENT_PROJECT_VERSION = 1;
				DEVELOPMENT_TEAM = VWFD5G6A7A;
				GENERATE_INFOPLIST_FILE = YES;
				INFOPLIST_FILE = ViperProductListing/Info.plist;
				INFOPLIST_KEY_UIApplicationSupportsIndirectInputEvents = YES;
				INFOPLIST_KEY_UILaunchStoryboardName = LaunchScreen;
				INFOPLIST_KEY_UIMainStoryboardFile = Main;
				INFOPLIST_KEY_UISupportedInterfaceOrientations_iPad = "UIInterfaceOrientationPortrait UIInterfaceOrientationPortraitUpsideDown UIInterfaceOrientationLandscapeLeft UIInterfaceOrientationLandscapeRight";
				INFOPLIST_KEY_UISupportedInterfaceOrientations_iPhone = "UIInterfaceOrientationPortrait UIInterfaceOrientationLandscapeLeft UIInterfaceOrientationLandscapeRight";
				LD_RUNPATH_SEARCH_PATHS = (
					"$(inherited)",
					"@executable_path/Frameworks",
				);
				MARKETING_VERSION = 1.0;
				PRODUCT_BUNDLE_IDENTIFIER = com.ViperProductListing;
				PRODUCT_NAME = "$(TARGET_NAME)";
				SWIFT_EMIT_LOC_STRINGS = YES;
				SWIFT_VERSION = 5.0;
				TARGETED_DEVICE_FAMILY = "1,2";
			};
			name = Debug;
		};
		9EC417D0294BBA1800BDCB20 /* Release */ = {
			isa = XCBuildConfiguration;
			buildSettings = {
				ASSETCATALOG_COMPILER_APPICON_NAME = AppIcon;
				ASSETCATALOG_COMPILER_GLOBAL_ACCENT_COLOR_NAME = AccentColor;
				CODE_SIGN_STYLE = Automatic;
				CURRENT_PROJECT_VERSION = 1;
				DEVELOPMENT_TEAM = VWFD5G6A7A;
				GENERATE_INFOPLIST_FILE = YES;
				INFOPLIST_FILE = ViperProductListing/Info.plist;
				INFOPLIST_KEY_UIApplicationSupportsIndirectInputEvents = YES;
				INFOPLIST_KEY_UILaunchStoryboardName = LaunchScreen;
				INFOPLIST_KEY_UIMainStoryboardFile = Main;
				INFOPLIST_KEY_UISupportedInterfaceOrientations_iPad = "UIInterfaceOrientationPortrait UIInterfaceOrientationPortraitUpsideDown UIInterfaceOrientationLandscapeLeft UIInterfaceOrientationLandscapeRight";
				INFOPLIST_KEY_UISupportedInterfaceOrientations_iPhone = "UIInterfaceOrientationPortrait UIInterfaceOrientationLandscapeLeft UIInterfaceOrientationLandscapeRight";
				LD_RUNPATH_SEARCH_PATHS = (
					"$(inherited)",
					"@executable_path/Frameworks",
				);
				MARKETING_VERSION = 1.0;
				PRODUCT_BUNDLE_IDENTIFIER = com.ViperProductListing;
				PRODUCT_NAME = "$(TARGET_NAME)";
				SWIFT_EMIT_LOC_STRINGS = YES;
				SWIFT_VERSION = 5.0;
				TARGETED_DEVICE_FAMILY = "1,2";
			};
			name = Release;
		};
/* End XCBuildConfiguration section */

/* Begin XCConfigurationList section */
		9EC417B5294BBA1600BDCB20 /* Build configuration list for PBXProject "ViperProductListing" */ = {
			isa = XCConfigurationList;
			buildConfigurations = (
				9EC417CC294BBA1800BDCB20 /* Debug */,
				9EC417CD294BBA1800BDCB20 /* Release */,
			);
			defaultConfigurationIsVisible = 0;
			defaultConfigurationName = Release;
		};
		9EC417CE294BBA1800BDCB20 /* Build configuration list for PBXNativeTarget "ViperProductListing" */ = {
			isa = XCConfigurationList;
			buildConfigurations = (
				9EC417CF294BBA1800BDCB20 /* Debug */,
				9EC417D0294BBA1800BDCB20 /* Release */,
			);
			defaultConfigurationIsVisible = 0;
			defaultConfigurationName = Release;
		};
/* End XCConfigurationList section */

/* Begin XCRemoteSwiftPackageReference section */
		9EC417F0294BECC800BDCB20 /* XCRemoteSwiftPackageReference "Alamofire" */ = {
			isa = XCRemoteSwiftPackageReference;
			repositoryURL = "https://github.com/Alamofire/Alamofire.git";
			requirement = {
				branch = master;
				kind = branch;
			};
		};
		9EC417F3294BECF300BDCB20 /* XCRemoteSwiftPackageReference "lottie-ios" */ = {
			isa = XCRemoteSwiftPackageReference;
			repositoryURL = "https://github.com/airbnb/lottie-ios.git";
			requirement = {
				branch = master;
				kind = branch;
			};
		};
/* End XCRemoteSwiftPackageReference section */

/* Begin XCSwiftPackageProductDependency section */
		9EC417F1294BECC800BDCB20 /* Alamofire */ = {
			isa = XCSwiftPackageProductDependency;
			package = 9EC417F0294BECC800BDCB20 /* XCRemoteSwiftPackageReference "Alamofire" */;
			productName = Alamofire;
		};
		9EC417F4294BECF300BDCB20 /* Lottie */ = {
			isa = XCSwiftPackageProductDependency;
			package = 9EC417F3294BECF300BDCB20 /* XCRemoteSwiftPackageReference "lottie-ios" */;
			productName = Lottie;
		};
/* End XCSwiftPackageProductDependency section */
	};
	rootObject = 9EC417B2294BBA1600BDCB20 /* Project object */;
}
